{
  "name": "nano-pow-with-fallback",
  "version": "1.1.2",
  "lockfileVersion": 3,
  "requires": true,
  "packages": {
    "": {
      "name": "nano-pow-with-fallback",
      "version": "1.1.2",
      "dependencies": {
        "@sylphx/webgpu": "^1.0.4",
        "blakejs": "^1.2.1",
        "nanocurrency": "^2.5.0",
        "webgpu": "^0.1.0"
      },
      "devDependencies": {
        "@playwright/test": "^1.58.2",
        "dotenv": "^16.6.1"
      }
    },
    "node_modules/@playwright/test": {
      "version": "1.58.2",
      "resolved": "https://registry.npmjs.org/@playwright/test/-/test-1.58.2.tgz",
      "integrity": "sha512-akea+6bHYBBfA9uQqSYmlJXn61cTa+jbO87xVLCWbTqbWadRVmhxlXATaOjOgcBaWU4ePo0wB41KMFv3o35IXA==",
      "dev": true,
      "license": "Apache-2.0",
      "dependencies": {
        "playwright": "1.58.2"
      },
      "bin": {
        "playwright": "cli.js"
      },
      "engines": {
        "node": ">=18"
      }
    },
    "node_modules/@sylphx/webgpu": {
      "version": "1.0.4",
      "resolved": "https://registry.npmjs.org/@sylphx/webgpu/-/webgpu-1.0.4.tgz",
      "integrity": "sha512-p4FATsD3hP7zpnMEv/cxt1DDvYaaPhfqIgDnBLcME20d+L6BlwRCgZaAgCcVrJRmFEQKWca0xtfsbPNQfFSWTw==",
      "license": "MIT",
      "engines": {
        "node": ">=18.0.0"
      },
      "optionalDependencies": {
        "@sylphx/webgpu-darwin-arm64": "1.0.4",
        "@sylphx/webgpu-darwin-x64": "1.0.4",
        "@sylphx/webgpu-linux-arm64-gnu": "1.0.4",
        "@sylphx/webgpu-linux-x64-gnu": "1.0.4",
        "@sylphx/webgpu-win32-arm64-msvc": "1.0.4",
        "@sylphx/webgpu-win32-x64-msvc": "1.0.4"
      }
    },
    "node_modules/@sylphx/webgpu-darwin-arm64": {
      "version": "1.0.4",
      "resolved": "https://registry.npmjs.org/@sylphx/webgpu-darwin-arm64/-/webgpu-darwin-arm64-1.0.4.tgz",
      "integrity": "sha512-h2PB1aQgnE+W5cFaZ/IGiMhJO3PirjpNZCPoUmyz9Y5kU8korFWsUr8Ggkjs3ARSnglJzfYRhWtRyMLclfKAFg==",
      "cpu": [
        "arm64"
      ],
      "license": "MIT",
      "optional": true,
      "os": [
        "darwin"
      ],
      "engines": {
        "node": ">=18.0.0"
      }
    },
    "node_modules/@sylphx/webgpu-darwin-x64": {
      "version": "1.0.4",
      "resolved": "https://registry.npmjs.org/@sylphx/webgpu-darwin-x64/-/webgpu-darwin-x64-1.0.4.tgz",
      "integrity": "sha512-QRlLP6hIBOAOT5WVaKHl5cxES7gcLsQeFsmVvLfSbdNPu2Cy3R1wWjdt2F1dBTgTj9SgRIRkqSPEduuphGSzCQ==",
      "cpu": [
        "x64"
      ],
      "license": "MIT",
      "optional": true,
      "os": [
        "darwin"
      ],
      "engines": {
        "node": ">=18.0.0"
      }
    },
    "node_modules/@sylphx/webgpu-linux-arm64-gnu": {
      "version": "1.0.4",
      "resolved": "https://registry.npmjs.org/@sylphx/webgpu-linux-arm64-gnu/-/webgpu-linux-arm64-gnu-1.0.4.tgz",
      "integrity": "sha512-62hQWfOJTW8MM+U2VLjVtQzNXpcw5ba32BebXr/6e9wyZPA96CGAVJ+xJKcPtcgPHMBHoSbDPSesRzG1aW2/XQ==",
      "cpu": [
        "arm64"
      ],
      "libc": [
        "gnu"
      ],
      "license": "MIT",
      "optional": true,
      "os": [
        "linux"
      ],
      "engines": {
        "node": ">=18.0.0"
      }
    },
    "node_modules/@sylphx/webgpu-linux-x64-gnu": {
      "version": "1.0.4",
      "resolved": "https://registry.npmjs.org/@sylphx/webgpu-linux-x64-gnu/-/webgpu-linux-x64-gnu-1.0.4.tgz",
      "integrity": "sha512-sJWLH20rExzDQLV36sf/iQS197HWNyWjv6XQYosks+BHhFUk7ErEO5Uh/C5NPGN5iWUvhD9CGy9meGHHESmrlg==",
      "cpu": [
        "x64"
      ],
      "libc": [
        "gnu"
      ],
      "license": "MIT",
      "optional": true,
      "os": [
        "linux"
      ],
      "engines": {
        "node": ">=18.0.0"
      }
    },
    "node_modules/@sylphx/webgpu-win32-arm64-msvc": {
      "version": "1.0.4",
      "resolved": "https://registry.npmjs.org/@sylphx/webgpu-win32-arm64-msvc/-/webgpu-win32-arm64-msvc-1.0.4.tgz",
      "integrity": "sha512-3rX60fwmXa3S9jHR3LG9nw79icgDRZWEx8ooAPTTc7oPsxzZFNJ3oVLm51ZxmeIpmQY9APpmTYrCE1P0JALnsw==",
      "cpu": [
        "arm64"
      ],
      "license": "MIT",
      "optional": true,
      "os": [
        "win32"
      ],
      "engines": {
        "node": ">=18.0.0"
      }
    },
    "node_modules/@sylphx/webgpu-win32-x64-msvc": {
      "version": "1.0.4",
      "resolved": "https://registry.npmjs.org/@sylphx/webgpu-win32-x64-msvc/-/webgpu-win32-x64-msvc-1.0.4.tgz",
      "integrity": "sha512-0MERCmcHjYLcjKped3BBxaxUpP2zAnQGwj8r+fWIIvT6naVI6sI6P+kWDK7kSiKyHBrZV8Enue9qhdtwSbZDvQ==",
      "cpu": [
        "x64"
      ],
      "license": "MIT",
      "optional": true,
      "os": [
        "win32"
      ],
      "engines": {
        "node": ">=18.0.0"
      }
    },
    "node_modules/bignumber.js": {
      "version": "9.3.1",
      "resolved": "https://registry.npmjs.org/bignumber.js/-/bignumber.js-9.3.1.tgz",
      "integrity": "sha512-Ko0uX15oIUS7wJ3Rb30Fs6SkVbLmPBAKdlm7q9+ak9bbIeFf0MwuBsQV6z7+X768/cHsfg+WlysDWJcmthjsjQ==",
      "license": "MIT",
      "engines": {
        "node": "*"
      }
    },
    "node_modules/blakejs": {
      "version": "1.2.1",
      "resolved": "https://registry.npmjs.org/blakejs/-/blakejs-1.2.1.tgz",
      "integrity": "sha512-QXUSXI3QVc/gJME0dBpXrag1kbzOqCjCX8/b54ntNyW6sjtoqxqRk3LTmXzaJoh71zMsDCjM+47jS7XiwN/+fQ==",
      "license": "MIT"
    },
    "node_modules/dotenv": {
      "version": "16.6.1",
      "resolved": "https://registry.npmjs.org/dotenv/-/dotenv-16.6.1.tgz",
      "integrity": "sha512-uBq4egWHTcTt33a72vpSG0z3HnPuIl6NqYcTrKEg2azoEyl2hpW0zqlxysq2pK9HlDIHyHyakeYaYnSAwd8bow==",
      "dev": true,
      "license": "BSD-2-Clause",
      "engines": {
        "node": ">=12"
      },
      "funding": {
        "url": "https://dotenvx.com"
      }
    },
    "node_modules/fsevents": {
      "version": "2.3.2",
      "resolved": "https://registry.npmjs.org/fsevents/-/fsevents-2.3.2.tgz",
      "integrity": "sha512-xiqMQR4xAeHTuB9uWm+fFRcIOgKBMiOBP+eXiyT7jsgVCq1bkVygt00oASowB7EdtpOHaaPgKt812P9ab+DDKA==",
      "dev": true,
      "hasInstallScript": true,
      "license": "MIT",
      "optional": true,
      "os": [
        "darwin"
      ],
      "engines": {
        "node": "^8.16.0 || ^10.6.0 || >=11.0.0"
      }
    },
    "node_modules/nanocurrency": {
      "version": "2.5.0",
      "resolved": "https://registry.npmjs.org/nanocurrency/-/nanocurrency-2.5.0.tgz",
      "integrity": "sha512-zMDlgBCML0vMGvldsZN1Np93vwiMjaBLCkOM2tXv0LNIpty8HghDMZiNRzfBPkP70oRhRU+hOpVCEpTzZK5gDQ==",
      "license": "GPL-3.0",
      "dependencies": {
        "bignumber.js": "^9.0.0",
        "blakejs": "^1.1.0"
      }
    },
    "node_modules/playwright": {
      "version": "1.58.2",
      "resolved": "https://registry.npmjs.org/playwright/-/playwright-1.58.2.tgz",
      "integrity": "sha512-vA30H8Nvkq/cPBnNw4Q8TWz1EJyqgpuinBcHET0YVJVFldr8JDNiU9LaWAE1KqSkRYazuaBhTpB5ZzShOezQ6A==",
      "dev": true,
      "license": "Apache-2.0",
      "dependencies": {
        "playwright-core": "1.58.2"
      },
      "bin": {
        "playwright": "cli.js"
      },
      "engines": {
        "node": ">=18"
      },
      "optionalDependencies": {
        "fsevents": "2.3.2"
      }
    },
    "node_modules/playwright-core": {
      "version": "1.58.2",
      "resolved": "https://registry.npmjs.org/playwright-core/-/playwright-core-1.58.2.tgz",
      "integrity": "sha512-yZkEtftgwS8CsfYo7nm0KE8jsvm6i/PTgVtB8DL726wNf6H2IMsDuxCpJj59KDaxCtSnrWan2AeDqM7JBaultg==",
      "dev": true,
      "license": "Apache-2.0",
      "bin": {
        "playwright-core": "cli.js"
      },
      "engines": {
        "node": ">=18"
      }
    },
    "node_modules/webgpu": {
      "version": "0.1.16",
      "resolved": "https://registry.npmjs.org/webgpu/-/webgpu-0.1.16.tgz",
      "integrity": "sha512-KAXn/f8lnL8o4B718zzdfi1l0nEWQpuoWlC1L5WM/svAbeHjShCEI0l5ZcZBEEUm9FF3ZTgRjWk8iwbJfnGKTA==",
      "license": "MIT",
      "engines": {
        "node": ">= 13.0.0"
      }
    }
  }
}
